
Microsoft Visual Studio Solution File, Format Version 12.00
# Visual Studio Version 16
VisualStudioVersion = 16.0.29613.14
MinimumVisualStudioVersion = 10.0.40219.1
Project("{FAE04EC0-301F-11D3-BF4B-00C04F79EFBC}") = "Group5_Lab3", "Group4_Lab3\Group5_Lab3.csproj", "{1BC0266E-527E-472C-9EF0-C29248CCFEC3}"
EndProject
Global
	GlobalSection(SolutionConfigurationPlatforms) = preSolution
		Debug|Any CPU = Debug|Any CPU
		Release|Any CPU = Release|Any CPU
	EndGlobalSection
	GlobalSection(ProjectConfigurationPlatforms) = postSolution
		{1BC0266E-527E-472C-9EF0-C29248CCFEC3}.Debug|Any CPU.ActiveCfg = Debug|Any CPU
		{1BC0266E-527E-472C-9EF0-C29248CCFEC3}.Debug|Any CPU.Build.0 = Debug|Any CPU
		{1BC0266E-527E-472C-9EF0-C29248CCFEC3}.Release|Any CPU.ActiveCfg = Release|Any CPU
		{1BC0266E-527E-472C-9EF0-C29248CCFEC3}.Release|Any CPU.Build.0 = Release|Any CPU
	EndGlobalSection
	GlobalSection(SolutionProperties) = preSolution
		HideSolutionNode = FALSE
	EndGlobalSection
	GlobalSection(ExtensibilityGlobals) = postSolution
		SolutionGuid = {7A5E708B-97EB-4166-880C-AD491F92088E}
	EndGlobalSection
EndGlobal
